
Microsoft Visual Studio Solution File, Format Version 12.00
# Visual Studio 2013
VisualStudioVersion = 12.0.40629.0
MinimumVisualStudioVersion = 10.0.40219.1
Project("{FAE04EC0-301F-11D3-BF4B-00C04F79EFBC}") = "DebugTestHarness", "DebugTestHarness\DebugTestHarness.csproj", "{4747C656-2E47-423F-8D9B-51891309B39D}"
EndProject
Project("{FAE04EC0-301F-11D3-BF4B-00C04F79EFBC}") = "MyTests", "MyTests\MyTests.csproj", "{50F315FE-F442-4673-ABDE-1F7531C976DB}"
EndProject
Project("{2150E333-8FDC-42A3-9474-1A3956D46DE8}") = "Solution Items", "Solution Items", "{FFE2A5D3-E32F-4868-B602-F8CBFCBF57A8}"
	ProjectSection(SolutionItems) = preProject
		ReadMe.md = ReadMe.md
	EndProjectSection
EndProject
Global
	GlobalSection(SolutionConfigurationPlatforms) = preSolution
		Debug|Any CPU = Debug|Any CPU
		Release|Any CPU = Release|Any CPU
	EndGlobalSection
	GlobalSection(ProjectConfigurationPlatforms) = postSolution
		{4747C656-2E47-423F-8D9B-51891309B39D}.Debug|Any CPU.ActiveCfg = Debug|Any CPU
		{4747C656-2E47-423F-8D9B-51891309B39D}.Debug|Any CPU.Build.0 = Debug|Any CPU
		{4747C656-2E47-423F-8D9B-51891309B39D}.Release|Any CPU.ActiveCfg = Release|Any CPU
		{4747C656-2E47-423F-8D9B-51891309B39D}.Release|Any CPU.Build.0 = Release|Any CPU
		{50F315FE-F442-4673-ABDE-1F7531C976DB}.Debug|Any CPU.ActiveCfg = Debug|Any CPU
		{50F315FE-F442-4673-ABDE-1F7531C976DB}.Debug|Any CPU.Build.0 = Debug|Any CPU
		{50F315FE-F442-4673-ABDE-1F7531C976DB}.Release|Any CPU.ActiveCfg = Release|Any CPU
		{50F315FE-F442-4673-ABDE-1F7531C976DB}.Release|Any CPU.Build.0 = Release|Any CPU
	EndGlobalSection
	GlobalSection(SolutionProperties) = preSolution
		HideSolutionNode = FALSE
	EndGlobalSection
EndGlobal
